
Microsoft Visual Studio Solution File, Format Version 12.00
# Visual Studio Version 17
VisualStudioVersion = 17.14.36414.22
MinimumVisualStudioVersion = 10.0.40219.1
Project("{FAE04EC0-301F-11D3-BF4B-00C04F79EFBC}") = "CalculadoraErrores", "CalculadoraErrores\CalculadoraErrores.csproj", "{A2779067-D515-46A0-AF92-923EF0A242EB}"
EndProject
Project("{FAE04EC0-301F-11D3-BF4B-00C04F79EFBC}") = "CalculadoraErroresTest", "CalculadoraErroresTest\CalculadoraErroresTest.csproj", "{B8C6C65E-4811-467A-89C4-7C9EA2EFBC82}"
EndProject
Global
	GlobalSection(SolutionConfigurationPlatforms) = preSolution
		Debug|Any CPU = Debug|Any CPU
		Release|Any CPU = Release|Any CPU
	EndGlobalSection
	GlobalSection(ProjectConfigurationPlatforms) = postSolution
		{A2779067-D515-46A0-AF92-923EF0A242EB}.Debug|Any CPU.ActiveCfg = Debug|Any CPU
		{A2779067-D515-46A0-AF92-923EF0A242EB}.Debug|Any CPU.Build.0 = Debug|Any CPU
		{A2779067-D515-46A0-AF92-923EF0A242EB}.Release|Any CPU.ActiveCfg = Release|Any CPU
		{A2779067-D515-46A0-AF92-923EF0A242EB}.Release|Any CPU.Build.0 = Release|Any CPU
		{B8C6C65E-4811-467A-89C4-7C9EA2EFBC82}.Debug|Any CPU.ActiveCfg = Debug|Any CPU
		{B8C6C65E-4811-467A-89C4-7C9EA2EFBC82}.Debug|Any CPU.Build.0 = Debug|Any CPU
		{B8C6C65E-4811-467A-89C4-7C9EA2EFBC82}.Release|Any CPU.ActiveCfg = Release|Any CPU
		{B8C6C65E-4811-467A-89C4-7C9EA2EFBC82}.Release|Any CPU.Build.0 = Release|Any CPU
	EndGlobalSection
	GlobalSection(SolutionProperties) = preSolution
		HideSolutionNode = FALSE
	EndGlobalSection
	GlobalSection(ExtensibilityGlobals) = postSolution
		SolutionGuid = {FBFFCD56-9006-4F16-9D10-FAFC94F88BB7}
	EndGlobalSection
EndGlobal
