
Microsoft Visual Studio Solution File, Format Version 12.00
# Visual Studio Version 17
VisualStudioVersion = 17.14.36511.14
MinimumVisualStudioVersion = 10.0.40219.1
Project("{FAE04EC0-301F-11D3-BF4B-00C04F79EFBC}") = "PruebaSolucionEcuaciones", "Asignacion07_SistemasDeEcuaciones\PruebaSolucionEcuaciones\PruebaSolucionEcuaciones.csproj", "{E2384708-6196-41D2-AD95-4D791BC892C7}"
EndProject
Project("{FAE04EC0-301F-11D3-BF4B-00C04F79EFBC}") = "PruebaSolucionEcuacionesTest", "PruebaSolucionEcuacionesTest\PruebaSolucionEcuacionesTest.csproj", "{5BC90797-D0BE-4A3A-A213-5055227DFC41}"
EndProject
Global
	GlobalSection(SolutionConfigurationPlatforms) = preSolution
		Debug|Any CPU = Debug|Any CPU
		Release|Any CPU = Release|Any CPU
	EndGlobalSection
	GlobalSection(ProjectConfigurationPlatforms) = postSolution
		{E2384708-6196-41D2-AD95-4D791BC892C7}.Debug|Any CPU.ActiveCfg = Debug|Any CPU
		{E2384708-6196-41D2-AD95-4D791BC892C7}.Debug|Any CPU.Build.0 = Debug|Any CPU
		{E2384708-6196-41D2-AD95-4D791BC892C7}.Release|Any CPU.ActiveCfg = Release|Any CPU
		{E2384708-6196-41D2-AD95-4D791BC892C7}.Release|Any CPU.Build.0 = Release|Any CPU
		{5BC90797-D0BE-4A3A-A213-5055227DFC41}.Debug|Any CPU.ActiveCfg = Debug|Any CPU
		{5BC90797-D0BE-4A3A-A213-5055227DFC41}.Debug|Any CPU.Build.0 = Debug|Any CPU
		{5BC90797-D0BE-4A3A-A213-5055227DFC41}.Release|Any CPU.ActiveCfg = Release|Any CPU
		{5BC90797-D0BE-4A3A-A213-5055227DFC41}.Release|Any CPU.Build.0 = Release|Any CPU
	EndGlobalSection
	GlobalSection(SolutionProperties) = preSolution
		HideSolutionNode = FALSE
	EndGlobalSection
	GlobalSection(ExtensibilityGlobals) = postSolution
		SolutionGuid = {C1B69101-071C-4000-87FC-281BC8CB34B5}
	EndGlobalSection
EndGlobal
